// !$*UTF8*$!
{
	archiveVersion = 1;
	classes = {
	};
	objectVersion = 77;
	objects = {

/* Begin PBXBuildFile section */
		5239F2C42DC7446300CCA208 /* GoogleSignIn in Frameworks */ = {isa = PBXBuildFile; productRef = 5239F2C32DC7446300CCA208 /* GoogleSignIn */; };
		5239F2C62DC7446300CCA208 /* GoogleSignInSwift in Frameworks */ = {isa = PBXBuildFile; productRef = 5239F2C52DC7446300CCA208 /* GoogleSignInSwift */; };
		529AA8FC2DC739480017120A /* FirebaseAnalytics in Frameworks */ = {isa = PBXBuildFile; productRef = 529AA8FB2DC739480017120A /* FirebaseAnalytics */; };
		529AA8FE2DC739480017120A /* FirebaseAuth in Frameworks */ = {isa = PBXBuildFile; productRef = 529AA8FD2DC739480017120A /* FirebaseAuth */; };
		529AA9002DC739480017120A /* FirebaseCore in Frameworks */ = {isa = PBXBuildFile; productRef = 529AA8FF2DC739480017120A /* FirebaseCore */; };
		529AA9022DC739480017120A /* FirebaseFirestore in Frameworks */ = {isa = PBXBuildFile; productRef = 529AA9012DC739480017120A /* FirebaseFirestore */; };
		529AA9042DC739480017120A /* FirebaseMessaging in Frameworks */ = {isa = PBXBuildFile; productRef = 529AA9032DC739480017120A /* FirebaseMessaging */; };
		529AA9062DC739480017120A /* FirebaseRemoteConfig in Frameworks */ = {isa = PBXBuildFile; productRef = 529AA9052DC739480017120A /* FirebaseRemoteConfig */; };
		529AA9082DC739480017120A /* FirebaseStorage in Frameworks */ = {isa = PBXBuildFile; productRef = 529AA9072DC739480017120A /* FirebaseStorage */; };
/* End PBXBuildFile section */

/* Begin PBXContainerItemProxy section */
		529AA8C72DC732150017120A /* PBXContainerItemProxy */ = {
			isa = PBXContainerItemProxy;
			containerPortal = 529AA8A92DC732120017120A /* Project object */;
			proxyType = 1;
			remoteGlobalIDString = 529AA8B02DC732120017120A;
			remoteInfo = BookExpertsApp;
		};
		529AA8D12DC732150017120A /* PBXContainerItemProxy */ = {
			isa = PBXContainerItemProxy;
			containerPortal = 529AA8A92DC732120017120A /* Project object */;
			proxyType = 1;
			remoteGlobalIDString = 529AA8B02DC732120017120A;
			remoteInfo = BookExpertsApp;
		};
/* End PBXContainerItemProxy section */

/* Begin PBXFileReference section */
		529AA8B12DC732120017120A /* BookExpertsApp.app */ = {isa = PBXFileReference; explicitFileType = wrapper.application; includeInIndex = 0; path = BookExpertsApp.app; sourceTree = BUILT_PRODUCTS_DIR; };
		529AA8C62DC732150017120A /* BookExpertsAppTests.xctest */ = {isa = PBXFileReference; explicitFileType = wrapper.cfbundle; includeInIndex = 0; path = BookExpertsAppTests.xctest; sourceTree = BUILT_PRODUCTS_DIR; };
		529AA8D02DC732150017120A /* BookExpertsAppUITests.xctest */ = {isa = PBXFileReference; explicitFileType = wrapper.cfbundle; includeInIndex = 0; path = BookExpertsAppUITests.xctest; sourceTree = BUILT_PRODUCTS_DIR; };
/* End PBXFileReference section */

/* Begin PBXFileSystemSynchronizedBuildFileExceptionSet section */
		5239F2CA2DC7479700CCA208 /* Exceptions for "BookExpertsApp" folder in "BookExpertsApp" target */ = {
			isa = PBXFileSystemSynchronizedBuildFileExceptionSet;
			membershipExceptions = (
				Info.plist,
			);
			target = 529AA8B02DC732120017120A /* BookExpertsApp */;
		};
/* End PBXFileSystemSynchronizedBuildFileExceptionSet section */

/* Begin PBXFileSystemSynchronizedRootGroup section */
		529AA8B32DC732120017120A /* BookExpertsApp */ = {
			isa = PBXFileSystemSynchronizedRootGroup;
			exceptions = (
				5239F2CA2DC7479700CCA208 /* Exceptions for "BookExpertsApp" folder in "BookExpertsApp" target */,
			);
			path = BookExpertsApp;
			sourceTree = "<group>";
		};
		529AA8C92DC732150017120A /* BookExpertsAppTests */ = {
			isa = PBXFileSystemSynchronizedRootGroup;
			path = BookExpertsAppTests;
			sourceTree = "<group>";
		};
		529AA8D32DC732150017120A /* BookExpertsAppUITests */ = {
			isa = PBXFileSystemSynchronizedRootGroup;
			path = BookExpertsAppUITests;
			sourceTree = "<group>";
		};
/* End PBXFileSystemSynchronizedRootGroup section */

/* Begin PBXFrameworksBuildPhase section */
		529AA8AE2DC732120017120A /* Frameworks */ = {
			isa = PBXFrameworksBuildPhase;
			buildActionMask = 2147483647;
			files = (
				5239F2C62DC7446300CCA208 /* GoogleSignInSwift in Frameworks */,
				529AA8FC2DC739480017120A /* FirebaseAnalytics in Frameworks */,
				5239F2C42DC7446300CCA208 /* GoogleSignIn in Frameworks */,
				529AA9022DC739480017120A /* FirebaseFirestore in Frameworks */,
				529AA9042DC739480017120A /* FirebaseMessaging in Frameworks */,
				529AA9062DC739480017120A /* FirebaseRemoteConfig in Frameworks */,
				529AA9082DC739480017120A /* FirebaseStorage in Frameworks */,
				529AA9002DC739480017120A /* FirebaseCore in Frameworks */,
				529AA8FE2DC739480017120A /* FirebaseAuth in Frameworks */,
			);
			runOnlyForDeploymentPostprocessing = 0;
		};
		529AA8C32DC732150017120A /* Frameworks */ = {
			isa = PBXFrameworksBuildPhase;
			buildActionMask = 2147483647;
			files = (
			);
			runOnlyForDeploymentPostprocessing = 0;
		};
		529AA8CD2DC732150017120A /* Frameworks */ = {
			isa = PBXFrameworksBuildPhase;
			buildActionMask = 2147483647;
			files = (
			);
			runOnlyForDeploymentPostprocessing = 0;
		};
/* End PBXFrameworksBuildPhase section */

/* Begin PBXGroup section */
		529AA8A82DC732120017120A = {
			isa = PBXGroup;
			children = (
				529AA8B32DC732120017120A /* BookExpertsApp */,
				529AA8C92DC732150017120A /* BookExpertsAppTests */,
				529AA8D32DC732150017120A /* BookExpertsAppUITests */,
				529AA8B22DC732120017120A /* Products */,
			);
			sourceTree = "<group>";
		};
		529AA8B22DC732120017120A /* Products */ = {
			isa = PBXGroup;
			children = (
				529AA8B12DC732120017120A /* BookExpertsApp.app */,
				529AA8C62DC732150017120A /* BookExpertsAppTests.xctest */,
				529AA8D02DC732150017120A /* BookExpertsAppUITests.xctest */,
			);
			name = Products;
			sourceTree = "<group>";
		};
/* End PBXGroup section */

/* Begin PBXNativeTarget section */
		529AA8B02DC732120017120A /* BookExpertsApp */ = {
			isa = PBXNativeTarget;
			buildConfigurationList = 529AA8DA2DC732150017120A /* Build configuration list for PBXNativeTarget "BookExpertsApp" */;
			buildPhases = (
				529AA8AD2DC732120017120A /* Sources */,
				529AA8AE2DC732120017120A /* Frameworks */,
				529AA8AF2DC732120017120A /* Resources */,
			);
			buildRules = (
			);
			dependencies = (
			);
			fileSystemSynchronizedGroups = (
				529AA8B32DC732120017120A /* BookExpertsApp */,
			);
			name = BookExpertsApp;
			packageProductDependencies = (
				529AA8FB2DC739480017120A /* FirebaseAnalytics */,
				529AA8FD2DC739480017120A /* FirebaseAuth */,
				529AA8FF2DC739480017120A /* FirebaseCore */,
				529AA9012DC739480017120A /* FirebaseFirestore */,
				529AA9032DC739480017120A /* FirebaseMessaging */,
				529AA9052DC739480017120A /* FirebaseRemoteConfig */,
				529AA9072DC739480017120A /* FirebaseStorage */,
				5239F2C32DC7446300CCA208 /* GoogleSignIn */,
				5239F2C52DC7446300CCA208 /* GoogleSignInSwift */,
			);
			productName = BookExpertsApp;
			productReference = 529AA8B12DC732120017120A /* BookExpertsApp.app */;
			productType = "com.apple.product-type.application";
		};
		529AA8C52DC732150017120A /* BookExpertsAppTests */ = {
			isa = PBXNativeTarget;
			buildConfigurationList = 529AA8DD2DC732150017120A /* Build configuration list for PBXNativeTarget "BookExpertsAppTests" */;
			buildPhases = (
				529AA8C22DC732150017120A /* Sources */,
				529AA8C32DC732150017120A /* Frameworks */,
				529AA8C42DC732150017120A /* Resources */,
			);
			buildRules = (
			);
			dependencies = (
				529AA8C82DC732150017120A /* PBXTargetDependency */,
			);
			fileSystemSynchronizedGroups = (
				529AA8C92DC732150017120A /* BookExpertsAppTests */,
			);
			name = BookExpertsAppTests;
			packageProductDependencies = (
			);
			productName = BookExpertsAppTests;
			productReference = 529AA8C62DC732150017120A /* BookExpertsAppTests.xctest */;
			productType = "com.apple.product-type.bundle.unit-test";
		};
		529AA8CF2DC732150017120A /* BookExpertsAppUITests */ = {
			isa = PBXNativeTarget;
			buildConfigurationList = 529AA8E02DC732150017120A /* Build configuration list for PBXNativeTarget "BookExpertsAppUITests" */;
			buildPhases = (
				529AA8CC2DC732150017120A /* Sources */,
				529AA8CD2DC732150017120A /* Frameworks */,
				529AA8CE2DC732150017120A /* Resources */,
			);
			buildRules = (
			);
			dependencies = (
				529AA8D22DC732150017120A /* PBXTargetDependency */,
			);
			fileSystemSynchronizedGroups = (
				529AA8D32DC732150017120A /* BookExpertsAppUITests */,
			);
			name = BookExpertsAppUITests;
			packageProductDependencies = (
			);
			productName = BookExpertsAppUITests;
			productReference = 529AA8D02DC732150017120A /* BookExpertsAppUITests.xctest */;
			productType = "com.apple.product-type.bundle.ui-testing";
		};
/* End PBXNativeTarget section */

/* Begin PBXProject section */
		529AA8A92DC732120017120A /* Project object */ = {
			isa = PBXProject;
			attributes = {
				BuildIndependentTargetsInParallel = 1;
				LastSwiftUpdateCheck = 1620;
				LastUpgradeCheck = 1620;
				TargetAttributes = {
					529AA8B02DC732120017120A = {
						CreatedOnToolsVersion = 16.2;
					};
					529AA8C52DC732150017120A = {
						CreatedOnToolsVersion = 16.2;
						TestTargetID = 529AA8B02DC732120017120A;
					};
					529AA8CF2DC732150017120A = {
						CreatedOnToolsVersion = 16.2;
						TestTargetID = 529AA8B02DC732120017120A;
					};
				};
			};
			buildConfigurationList = 529AA8AC2DC732120017120A /* Build configuration list for PBXProject "BookExpertsApp" */;
			developmentRegion = en;
			hasScannedForEncodings = 0;
			knownRegions = (
				en,
				Base,
			);
			mainGroup = 529AA8A82DC732120017120A;
			minimizedProjectReferenceProxies = 1;
			packageReferences = (
				529AA8FA2DC739480017120A /* XCRemoteSwiftPackageReference "firebase-ios-sdk" */,
				5239F2C22DC7446300CCA208 /* XCRemoteSwiftPackageReference "GoogleSignIn-iOS" */,
			);
			preferredProjectObjectVersion = 77;
			productRefGroup = 529AA8B22DC732120017120A /* Products */;
			projectDirPath = "";
			projectRoot = "";
			targets = (
				529AA8B02DC732120017120A /* BookExpertsApp */,
				529AA8C52DC732150017120A /* BookExpertsAppTests */,
				529AA8CF2DC732150017120A /* BookExpertsAppUITests */,
			);
		};
/* End PBXProject section */

/* Begin PBXResourcesBuildPhase section */
		529AA8AF2DC732120017120A /* Resources */ = {
			isa = PBXResourcesBuildPhase;
			buildActionMask = 2147483647;
			files = (
			);
			runOnlyForDeploymentPostprocessing = 0;
		};
		529AA8C42DC732150017120A /* Resources */ = {
			isa = PBXResourcesBuildPhase;
			buildActionMask = 2147483647;
			files = (
			);
			runOnlyForDeploymentPostprocessing = 0;
		};
		529AA8CE2DC732150017120A /* Resources */ = {
			isa = PBXResourcesBuildPhase;
			buildActionMask = 2147483647;
			files = (
			);
			runOnlyForDeploymentPostprocessing = 0;
		};
/* End PBXResourcesBuildPhase section */

/* Begin PBXSourcesBuildPhase section */
		529AA8AD2DC732120017120A /* Sources */ = {
			isa = PBXSourcesBuildPhase;
			buildActionMask = 2147483647;
			files = (
			);
			runOnlyForDeploymentPostprocessing = 0;
		};
		529AA8C22DC732150017120A /* Sources */ = {
			isa = PBXSourcesBuildPhase;
			buildActionMask = 2147483647;
			files = (
			);
			runOnlyForDeploymentPostprocessing = 0;
		};
		529AA8CC2DC732150017120A /* Sources */ = {
			isa = PBXSourcesBuildPhase;
			buildActionMask = 2147483647;
			files = (
			);
			runOnlyForDeploymentPostprocessing = 0;
		};
/* End PBXSourcesBuildPhase section */

/* Begin PBXTargetDependency section */
		529AA8C82DC732150017120A /* PBXTargetDependency */ = {
			isa = PBXTargetDependency;
			target = 529AA8B02DC732120017120A /* BookExpertsApp */;
			targetProxy = 529AA8C72DC732150017120A /* PBXContainerItemProxy */;
		};
		529AA8D22DC732150017120A /* PBXTargetDependency */ = {
			isa = PBXTargetDependency;
			target = 529AA8B02DC732120017120A /* BookExpertsApp */;
			targetProxy = 529AA8D12DC732150017120A /* PBXContainerItemProxy */;
		};
/* End PBXTargetDependency section */

/* Begin XCBuildConfiguration section */
		529AA8D82DC732150017120A /* Debug */ = {
			isa = XCBuildConfiguration;
			buildSettings = {
				ALWAYS_SEARCH_USER_PATHS = NO;
				ASSETCATALOG_COMPILER_GENERATE_SWIFT_ASSET_SYMBOL_EXTENSIONS = YES;
				CLANG_ANALYZER_NONNULL = YES;
				CLANG_ANALYZER_NUMBER_OBJECT_CONVERSION = YES_AGGRESSIVE;
				CLANG_CXX_LANGUAGE_STANDARD = "gnu++20";
				CLANG_ENABLE_MODULES = YES;
				CLANG_ENABLE_OBJC_ARC = YES;
				CLANG_ENABLE_OBJC_WEAK = YES;
				CLANG_WARN_BLOCK_CAPTURE_AUTORELEASING = YES;
				CLANG_WARN_BOOL_CONVERSION = YES;
				CLANG_WARN_COMMA = YES;
				CLANG_WARN_CONSTANT_CONVERSION = YES;
				CLANG_WARN_DEPRECATED_OBJC_IMPLEMENTATIONS = YES;
				CLANG_WARN_DIRECT_OBJC_ISA_USAGE = YES_ERROR;
				CLANG_WARN_DOCUMENTATION_COMMENTS = YES;
				CLANG_WARN_EMPTY_BODY = YES;
				CLANG_WARN_ENUM_CONVERSION = YES;
				CLANG_WARN_INFINITE_RECURSION = YES;
				CLANG_WARN_INT_CONVERSION = YES;
				CLANG_WARN_NON_LITERAL_NULL_CONVERSION = YES;
				CLANG_WARN_OBJC_IMPLICIT_RETAIN_SELF = YES;
				CLANG_WARN_OBJC_LITERAL_CONVERSION = YES;
				CLANG_WARN_OBJC_ROOT_CLASS = YES_ERROR;
				CLANG_WARN_QUOTED_INCLUDE_IN_FRAMEWORK_HEADER = YES;
				CLANG_WARN_RANGE_LOOP_ANALYSIS = YES;
				CLANG_WARN_STRICT_PROTOTYPES = YES;
				CLANG_WARN_SUSPICIOUS_MOVE = YES;
				CLANG_WARN_UNGUARDED_AVAILABILITY = YES_AGGRESSIVE;
				CLANG_WARN_UNREACHABLE_CODE = YES;
				CLANG_WARN__DUPLICATE_METHOD_MATCH = YES;
				COPY_PHASE_STRIP = NO;
				DEBUG_INFORMATION_FORMAT = dwarf;
				ENABLE_STRICT_OBJC_MSGSEND = YES;
				ENABLE_TESTABILITY = YES;
				ENABLE_USER_SCRIPT_SANDBOXING = YES;
				GCC_C_LANGUAGE_STANDARD = gnu17;
				GCC_DYNAMIC_NO_PIC = NO;
				GCC_NO_COMMON_BLOCKS = YES;
				GCC_OPTIMIZATION_LEVEL = 0;
				GCC_PREPROCESSOR_DEFINITIONS = (
					"DEBUG=1",
					"$(inherited)",
				);
				GCC_WARN_64_TO_32_BIT_CONVERSION = YES;
				GCC_WARN_ABOUT_RETURN_TYPE = YES_ERROR;
				GCC_WARN_UNDECLARED_SELECTOR = YES;
				GCC_WARN_UNINITIALIZED_AUTOS = YES_AGGRESSIVE;
				GCC_WARN_UNUSED_FUNCTION = YES;
				GCC_WARN_UNUSED_VARIABLE = YES;
				IPHONEOS_DEPLOYMENT_TARGET = 18.2;
				LOCALIZATION_PREFERS_STRING_CATALOGS = YES;
				MTL_ENABLE_DEBUG_INFO = INCLUDE_SOURCE;
				MTL_FAST_MATH = YES;
				ONLY_ACTIVE_ARCH = YES;
				SDKROOT = iphoneos;
				SWIFT_ACTIVE_COMPILATION_CONDITIONS = "DEBUG $(inherited)";
				SWIFT_OPTIMIZATION_LEVEL = "-Onone";
			};
			name = Debug;
		};
		529AA8D92DC732150017120A /* Release */ = {
			isa = XCBuildConfiguration;
			buildSettings = {
				ALWAYS_SEARCH_USER_PATHS = NO;
				ASSETCATALOG_COMPILER_GENERATE_SWIFT_ASSET_SYMBOL_EXTENSIONS = YES;
				CLANG_ANALYZER_NONNULL = YES;
				CLANG_ANALYZER_NUMBER_OBJECT_CONVERSION = YES_AGGRESSIVE;
				CLANG_CXX_LANGUAGE_STANDARD = "gnu++20";
				CLANG_ENABLE_MODULES = YES;
				CLANG_ENABLE_OBJC_ARC = YES;
				CLANG_ENABLE_OBJC_WEAK = YES;
				CLANG_WARN_BLOCK_CAPTURE_AUTORELEASING = YES;
				CLANG_WARN_BOOL_CONVERSION = YES;
				CLANG_WARN_COMMA = YES;
				CLANG_WARN_CONSTANT_CONVERSION = YES;
				CLANG_WARN_DEPRECATED_OBJC_IMPLEMENTATIONS = YES;
				CLANG_WARN_DIRECT_OBJC_ISA_USAGE = YES_ERROR;
				CLANG_WARN_DOCUMENTATION_COMMENTS = YES;
				CLANG_WARN_EMPTY_BODY = YES;
				CLANG_WARN_ENUM_CONVERSION = YES;
				CLANG_WARN_INFINITE_RECURSION = YES;
				CLANG_WARN_INT_CONVERSION = YES;
				CLANG_WARN_NON_LITERAL_NULL_CONVERSION = YES;
				CLANG_WARN_OBJC_IMPLICIT_RETAIN_SELF = YES;
				CLANG_WARN_OBJC_LITERAL_CONVERSION = YES;
				CLANG_WARN_OBJC_ROOT_CLASS = YES_ERROR;
				CLANG_WARN_QUOTED_INCLUDE_IN_FRAMEWORK_HEADER = YES;
				CLANG_WARN_RANGE_LOOP_ANALYSIS = YES;
				CLANG_WARN_STRICT_PROTOTYPES = YES;
				CLANG_WARN_SUSPICIOUS_MOVE = YES;
				CLANG_WARN_UNGUARDED_AVAILABILITY = YES_AGGRESSIVE;
				CLANG_WARN_UNREACHABLE_CODE = YES;
				CLANG_WARN__DUPLICATE_METHOD_MATCH = YES;
				COPY_PHASE_STRIP = NO;
				DEBUG_INFORMATION_FORMAT = "dwarf-with-dsym";
				ENABLE_NS_ASSERTIONS = NO;
				ENABLE_STRICT_OBJC_MSGSEND = YES;
				ENABLE_USER_SCRIPT_SANDBOXING = YES;
				GCC_C_LANGUAGE_STANDARD = gnu17;
				GCC_NO_COMMON_BLOCKS = YES;
				GCC_WARN_64_TO_32_BIT_CONVERSION = YES;
				GCC_WARN_ABOUT_RETURN_TYPE = YES_ERROR;
				GCC_WARN_UNDECLARED_SELECTOR = YES;
				GCC_WARN_UNINITIALIZED_AUTOS = YES_AGGRESSIVE;
				GCC_WARN_UNUSED_FUNCTION = YES;
				GCC_WARN_UNUSED_VARIABLE = YES;
				IPHONEOS_DEPLOYMENT_TARGET = 18.2;
				LOCALIZATION_PREFERS_STRING_CATALOGS = YES;
				MTL_ENABLE_DEBUG_INFO = NO;
				MTL_FAST_MATH = YES;
				SDKROOT = iphoneos;
				SWIFT_COMPILATION_MODE = wholemodule;
				VALIDATE_PRODUCT = YES;
			};
			name = Release;
		};
		529AA8DB2DC732150017120A /* Debug */ = {
			isa = XCBuildConfiguration;
			buildSettings = {
				ASSETCATALOG_COMPILER_APPICON_NAME = AppIcon;
				ASSETCATALOG_COMPILER_GLOBAL_ACCENT_COLOR_NAME = AccentColor;
				CODE_SIGN_STYLE = Automatic;
				CURRENT_PROJECT_VERSION = 1;
				DEVELOPMENT_ASSET_PATHS = "\"BookExpertsApp/Preview Content\"";
				DEVELOPMENT_TEAM = KC7LY3AX4Y;
				ENABLE_PREVIEWS = YES;
				GENERATE_INFOPLIST_FILE = YES;
				INFOPLIST_FILE = BookExpertsApp/Info.plist;
				INFOPLIST_KEY_CFBundleDisplayName = BookExpertsApp;
				INFOPLIST_KEY_UIApplicationSceneManifest_Generation = YES;
				INFOPLIST_KEY_UIApplicationSupportsIndirectInputEvents = YES;
				INFOPLIST_KEY_UILaunchScreen_Generation = YES;
				INFOPLIST_KEY_UISupportedInterfaceOrientations = UIInterfaceOrientationPortrait;
				LD_RUNPATH_SEARCH_PATHS = (
					"$(inherited)",
					"@executable_path/Frameworks",
				);
				MARKETING_VERSION = 1.0;
				PRODUCT_BUNDLE_IDENTIFIER = com.bookexpert.bookexpertsapp;
				PRODUCT_NAME = "$(TARGET_NAME)";
				SWIFT_EMIT_LOC_STRINGS = YES;
				SWIFT_VERSION = 5.0;
				TARGETED_DEVICE_FAMILY = "1,2";
			};
			name = Debug;
		};
		529AA8DC2DC732150017120A /* Release */ = {
			isa = XCBuildConfiguration;
			buildSettings = {
				ASSETCATALOG_COMPILER_APPICON_NAME = AppIcon;
				ASSETCATALOG_COMPILER_GLOBAL_ACCENT_COLOR_NAME = AccentColor;
				CODE_SIGN_STYLE = Automatic;
				CURRENT_PROJECT_VERSION = 1;
				DEVELOPMENT_ASSET_PATHS = "\"BookExpertsApp/Preview Content\"";
				DEVELOPMENT_TEAM = KC7LY3AX4Y;
				ENABLE_PREVIEWS = YES;
				GENERATE_INFOPLIST_FILE = YES;
				INFOPLIST_FILE = BookExpertsApp/Info.plist;
				INFOPLIST_KEY_CFBundleDisplayName = BookExpertsApp;
				INFOPLIST_KEY_UIApplicationSceneManifest_Generation = YES;
				INFOPLIST_KEY_UIApplicationSupportsIndirectInputEvents = YES;
				INFOPLIST_KEY_UILaunchScreen_Generation = YES;
				INFOPLIST_KEY_UISupportedInterfaceOrientations = UIInterfaceOrientationPortrait;
				LD_RUNPATH_SEARCH_PATHS = (
					"$(inherited)",
					"@executable_path/Frameworks",
				);
				MARKETING_VERSION = 1.0;
				PRODUCT_BUNDLE_IDENTIFIER = com.bookexpert.bookexpertsapp;
				PRODUCT_NAME = "$(TARGET_NAME)";
				SWIFT_EMIT_LOC_STRINGS = YES;
				SWIFT_VERSION = 5.0;
				TARGETED_DEVICE_FAMILY = "1,2";
			};
			name = Release;
		};
		529AA8DE2DC732150017120A /* Debug */ = {
			isa = XCBuildConfiguration;
			buildSettings = {
				BUNDLE_LOADER = "$(TEST_HOST)";
				CODE_SIGN_STYLE = Automatic;
				CURRENT_PROJECT_VERSION = 1;
				DEVELOPMENT_TEAM = KC7LY3AX4Y;
				GENERATE_INFOPLIST_FILE = YES;
				IPHONEOS_DEPLOYMENT_TARGET = 18.2;
				MARKETING_VERSION = 1.0;
				PRODUCT_BUNDLE_IDENTIFIER = com.bookexpert.BookExpertsAppTests;
				PRODUCT_NAME = "$(TARGET_NAME)";
				SWIFT_EMIT_LOC_STRINGS = NO;
				SWIFT_VERSION = 5.0;
				TARGETED_DEVICE_FAMILY = "1,2";
				TEST_HOST = "$(BUILT_PRODUCTS_DIR)/BookExpertsApp.app/$(BUNDLE_EXECUTABLE_FOLDER_PATH)/BookExpertsApp";
			};
			name = Debug;
		};
		529AA8DF2DC732150017120A /* Release */ = {
			isa = XCBuildConfiguration;
			buildSettings = {
				BUNDLE_LOADER = "$(TEST_HOST)";
				CODE_SIGN_STYLE = Automatic;
				CURRENT_PROJECT_VERSION = 1;
				DEVELOPMENT_TEAM = KC7LY3AX4Y;
				GENERATE_INFOPLIST_FILE = YES;
				IPHONEOS_DEPLOYMENT_TARGET = 18.2;
				MARKETING_VERSION = 1.0;
				PRODUCT_BUNDLE_IDENTIFIER = com.bookexpert.BookExpertsAppTests;
				PRODUCT_NAME = "$(TARGET_NAME)";
				SWIFT_EMIT_LOC_STRINGS = NO;
				SWIFT_VERSION = 5.0;
				TARGETED_DEVICE_FAMILY = "1,2";
				TEST_HOST = "$(BUILT_PRODUCTS_DIR)/BookExpertsApp.app/$(BUNDLE_EXECUTABLE_FOLDER_PATH)/BookExpertsApp";
			};
			name = Release;
		};
		529AA8E12DC732150017120A /* Debug */ = {
			isa = XCBuildConfiguration;
			buildSettings = {
				CODE_SIGN_STYLE = Automatic;
				CURRENT_PROJECT_VERSION = 1;
				DEVELOPMENT_TEAM = KC7LY3AX4Y;
				GENERATE_INFOPLIST_FILE = YES;
				MARKETING_VERSION = 1.0;
				PRODUCT_BUNDLE_IDENTIFIER = com.bookexpert.BookExpertsAppUITests;
				PRODUCT_NAME = "$(TARGET_NAME)";
				SWIFT_EMIT_LOC_STRINGS = NO;
				SWIFT_VERSION = 5.0;
				TARGETED_DEVICE_FAMILY = "1,2";
				TEST_TARGET_NAME = BookExpertsApp;
			};
			name = Debug;
		};
		529AA8E22DC732150017120A /* Release */ = {
			isa = XCBuildConfiguration;
			buildSettings = {
				CODE_SIGN_STYLE = Automatic;
				CURRENT_PROJECT_VERSION = 1;
				DEVELOPMENT_TEAM = KC7LY3AX4Y;
				GENERATE_INFOPLIST_FILE = YES;
				MARKETING_VERSION = 1.0;
				PRODUCT_BUNDLE_IDENTIFIER = com.bookexpert.BookExpertsAppUITests;
				PRODUCT_NAME = "$(TARGET_NAME)";
				SWIFT_EMIT_LOC_STRINGS = NO;
				SWIFT_VERSION = 5.0;
				TARGETED_DEVICE_FAMILY = "1,2";
				TEST_TARGET_NAME = BookExpertsApp;
			};
			name = Release;
		};
/* End XCBuildConfiguration section */

/* Begin XCConfigurationList section */
		529AA8AC2DC732120017120A /* Build configuration list for PBXProject "BookExpertsApp" */ = {
			isa = XCConfigurationList;
			buildConfigurations = (
				529AA8D82DC732150017120A /* Debug */,
				529AA8D92DC732150017120A /* Release */,
			);
			defaultConfigurationIsVisible = 0;
			defaultConfigurationName = Release;
		};
		529AA8DA2DC732150017120A /* Build configuration list for PBXNativeTarget "BookExpertsApp" */ = {
			isa = XCConfigurationList;
			buildConfigurations = (
				529AA8DB2DC732150017120A /* Debug */,
				529AA8DC2DC732150017120A /* Release */,
			);
			defaultConfigurationIsVisible = 0;
			defaultConfigurationName = Release;
		};
		529AA8DD2DC732150017120A /* Build configuration list for PBXNativeTarget "BookExpertsAppTests" */ = {
			isa = XCConfigurationList;
			buildConfigurations = (
				529AA8DE2DC732150017120A /* Debug */,
				529AA8DF2DC732150017120A /* Release */,
			);
			defaultConfigurationIsVisible = 0;
			defaultConfigurationName = Release;
		};
		529AA8E02DC732150017120A /* Build configuration list for PBXNativeTarget "BookExpertsAppUITests" */ = {
			isa = XCConfigurationList;
			buildConfigurations = (
				529AA8E12DC732150017120A /* Debug */,
				529AA8E22DC732150017120A /* Release */,
			);
			defaultConfigurationIsVisible = 0;
			defaultConfigurationName = Release;
		};
/* End XCConfigurationList section */

/* Begin XCRemoteSwiftPackageReference section */
		5239F2C22DC7446300CCA208 /* XCRemoteSwiftPackageReference "GoogleSignIn-iOS" */ = {
			isa = XCRemoteSwiftPackageReference;
			repositoryURL = "https://github.com/google/GoogleSignIn-iOS";
			requirement = {
				kind = upToNextMajorVersion;
				minimumVersion = 8.0.0;
			};
		};
		529AA8FA2DC739480017120A /* XCRemoteSwiftPackageReference "firebase-ios-sdk" */ = {
			isa = XCRemoteSwiftPackageReference;
			repositoryURL = "https://github.com/firebase/firebase-ios-sdk";
			requirement = {
				kind = upToNextMajorVersion;
				minimumVersion = 11.12.0;
			};
		};
/* End XCRemoteSwiftPackageReference section */

/* Begin XCSwiftPackageProductDependency section */
		5239F2C32DC7446300CCA208 /* GoogleSignIn */ = {
			isa = XCSwiftPackageProductDependency;
			package = 5239F2C22DC7446300CCA208 /* XCRemoteSwiftPackageReference "GoogleSignIn-iOS" */;
			productName = GoogleSignIn;
		};
		5239F2C52DC7446300CCA208 /* GoogleSignInSwift */ = {
			isa = XCSwiftPackageProductDependency;
			package = 5239F2C22DC7446300CCA208 /* XCRemoteSwiftPackageReference "GoogleSignIn-iOS" */;
			productName = GoogleSignInSwift;
		};
		529AA8FB2DC739480017120A /* FirebaseAnalytics */ = {
			isa = XCSwiftPackageProductDependency;
			package = 529AA8FA2DC739480017120A /* XCRemoteSwiftPackageReference "firebase-ios-sdk" */;
			productName = FirebaseAnalytics;
		};
		529AA8FD2DC739480017120A /* FirebaseAuth */ = {
			isa = XCSwiftPackageProductDependency;
			package = 529AA8FA2DC739480017120A /* XCRemoteSwiftPackageReference "firebase-ios-sdk" */;
			productName = FirebaseAuth;
		};
		529AA8FF2DC739480017120A /* FirebaseCore */ = {
			isa = XCSwiftPackageProductDependency;
			package = 529AA8FA2DC739480017120A /* XCRemoteSwiftPackageReference "firebase-ios-sdk" */;
			productName = FirebaseCore;
		};
		529AA9012DC739480017120A /* FirebaseFirestore */ = {
			isa = XCSwiftPackageProductDependency;
			package = 529AA8FA2DC739480017120A /* XCRemoteSwiftPackageReference "firebase-ios-sdk" */;
			productName = FirebaseFirestore;
		};
		529AA9032DC739480017120A /* FirebaseMessaging */ = {
			isa = XCSwiftPackageProductDependency;
			package = 529AA8FA2DC739480017120A /* XCRemoteSwiftPackageReference "firebase-ios-sdk" */;
			productName = FirebaseMessaging;
		};
		529AA9052DC739480017120A /* FirebaseRemoteConfig */ = {
			isa = XCSwiftPackageProductDependency;
			package = 529AA8FA2DC739480017120A /* XCRemoteSwiftPackageReference "firebase-ios-sdk" */;
			productName = FirebaseRemoteConfig;
		};
		529AA9072DC739480017120A /* FirebaseStorage */ = {
			isa = XCSwiftPackageProductDependency;
			package = 529AA8FA2DC739480017120A /* XCRemoteSwiftPackageReference "firebase-ios-sdk" */;
			productName = FirebaseStorage;
		};
/* End XCSwiftPackageProductDependency section */
	};
	rootObject = 529AA8A92DC732120017120A /* Project object */;
}
